
Microsoft Visual Studio Solution File, Format Version 12.00
# Visual Studio Version 16
VisualStudioVersion = 16.0.30330.147
MinimumVisualStudioVersion = 10.0.40219.1
Project("{9A19103F-16F7-4668-BE54-9A1E7A4F7556}") = "GearElements", "GearElements.csproj", "{76E13B64-2672-4015-9765-A27D6C8DFA93}"
EndProject
Global
	GlobalSection(SolutionConfigurationPlatforms) = preSolution
		Debug|Any CPU = Debug|Any CPU
		Release|Any CPU = Release|Any CPU
	EndGlobalSection
	GlobalSection(ProjectConfigurationPlatforms) = postSolution
		{76E13B64-2672-4015-9765-A27D6C8DFA93}.Debug|Any CPU.ActiveCfg = Debug|Any CPU
		{76E13B64-2672-4015-9765-A27D6C8DFA93}.Debug|Any CPU.Build.0 = Debug|Any CPU
		{76E13B64-2672-4015-9765-A27D6C8DFA93}.Release|Any CPU.ActiveCfg = Release|Any CPU
		{76E13B64-2672-4015-9765-A27D6C8DFA93}.Release|Any CPU.Build.0 = Release|Any CPU
	EndGlobalSection
	GlobalSection(SolutionProperties) = preSolution
		HideSolutionNode = FALSE
	EndGlobalSection
	GlobalSection(ExtensibilityGlobals) = postSolution
		SolutionGuid = {236F2F7F-BC53-4A3A-A220-74D0324FF9EF}
	EndGlobalSection
EndGlobal
